
Microsoft Visual Studio Solution File, Format Version 12.00
# Visual Studio 15
Project("{2150E333-8FDC-42A3-9474-1A3956D46DE8}") = "1_SRP", "1_SRP", "{71A9FE34-BE39-4B8D-986C-C389D13D290F}"
EndProject
Project("{2150E333-8FDC-42A3-9474-1A3956D46DE8}") = "2_OCP", "2_OCP", "{319720B4-DAD4-4CD7-9CC2-261C3FC86A74}"
EndProject
Project("{2150E333-8FDC-42A3-9474-1A3956D46DE8}") = "3_LSP", "3_LSP", "{3655D8BC-4E46-4686-87F1-EBAB05A50F75}"
EndProject
Project("{2150E333-8FDC-42A3-9474-1A3956D46DE8}") = "4_ISP", "4_ISP", "{08A184C4-B547-444D-9261-B56E05D494F8}"
EndProject
Project("{2150E333-8FDC-42A3-9474-1A3956D46DE8}") = "5_DIP", "5_DIP", "{77ADF075-BC1B-405E-A49E-1FB88C1DFF6A}"
EndProject
Project("{FAE04EC0-301F-11D3-BF4B-00C04F79EFBC}") = "SRP.Example1.Before", "SRP\Example1.Before\SRP.Example1.Before.csproj", "{12E9EC9F-CA09-4CDE-8966-DF4174768736}"
EndProject
Project("{FAE04EC0-301F-11D3-BF4B-00C04F79EFBC}") = "SRP.Example1.Refactored", "SRP\Example1.Refactored\SRP.Example1.Refactored.csproj", "{52132E53-7284-4834-9A05-066F2A58A078}"
EndProject
Project("{FAE04EC0-301F-11D3-BF4B-00C04F79EFBC}") = "SRP.Example1.After", "SRP\Example1.After\SRP.Example1.After.csproj", "{20D7D427-32C6-4D04-AF9F-E6DCC266E0AC}"
EndProject
Project("{FAE04EC0-301F-11D3-BF4B-00C04F79EFBC}") = "OCP.Example1", "OCP\Example1\OCP.Example1.csproj", "{0D128BE4-DAC2-4E7A-9D79-195485191666}"
EndProject
Project("{FAE04EC0-301F-11D3-BF4B-00C04F79EFBC}") = "LSP.Example2", "LSP\Example2\LSP.Example2.csproj", "{B08BFDB0-3321-49CB-8761-11BB8E27DEA3}"
EndProject
Project("{FAE04EC0-301F-11D3-BF4B-00C04F79EFBC}") = "ISP.Example1", "ISP\Example1\ISP.Example1.csproj", "{1D4797B4-07AA-4291-A6E1-FA418F173493}"
EndProject
Project("{FAE04EC0-301F-11D3-BF4B-00C04F79EFBC}") = "DIP.Example1", "DIP\Example1\DIP.Example1.csproj", "{AFBB2AE9-5624-40CF-AB38-161DA55EFF9B}"
EndProject
Global
	GlobalSection(SolutionConfigurationPlatforms) = preSolution
		Debug|Any CPU = Debug|Any CPU
		Release|Any CPU = Release|Any CPU
	EndGlobalSection
	GlobalSection(ProjectConfigurationPlatforms) = postSolution
		{12E9EC9F-CA09-4CDE-8966-DF4174768736}.Debug|Any CPU.ActiveCfg = Debug|Any CPU
		{12E9EC9F-CA09-4CDE-8966-DF4174768736}.Debug|Any CPU.Build.0 = Debug|Any CPU
		{12E9EC9F-CA09-4CDE-8966-DF4174768736}.Release|Any CPU.ActiveCfg = Release|Any CPU
		{12E9EC9F-CA09-4CDE-8966-DF4174768736}.Release|Any CPU.Build.0 = Release|Any CPU
		{52132E53-7284-4834-9A05-066F2A58A078}.Debug|Any CPU.ActiveCfg = Debug|Any CPU
		{52132E53-7284-4834-9A05-066F2A58A078}.Debug|Any CPU.Build.0 = Debug|Any CPU
		{52132E53-7284-4834-9A05-066F2A58A078}.Release|Any CPU.ActiveCfg = Release|Any CPU
		{52132E53-7284-4834-9A05-066F2A58A078}.Release|Any CPU.Build.0 = Release|Any CPU
		{20D7D427-32C6-4D04-AF9F-E6DCC266E0AC}.Debug|Any CPU.ActiveCfg = Debug|Any CPU
		{20D7D427-32C6-4D04-AF9F-E6DCC266E0AC}.Debug|Any CPU.Build.0 = Debug|Any CPU
		{20D7D427-32C6-4D04-AF9F-E6DCC266E0AC}.Release|Any CPU.ActiveCfg = Release|Any CPU
		{20D7D427-32C6-4D04-AF9F-E6DCC266E0AC}.Release|Any CPU.Build.0 = Release|Any CPU
		{0D128BE4-DAC2-4E7A-9D79-195485191666}.Debug|Any CPU.ActiveCfg = Debug|Any CPU
		{0D128BE4-DAC2-4E7A-9D79-195485191666}.Debug|Any CPU.Build.0 = Debug|Any CPU
		{0D128BE4-DAC2-4E7A-9D79-195485191666}.Release|Any CPU.ActiveCfg = Release|Any CPU
		{0D128BE4-DAC2-4E7A-9D79-195485191666}.Release|Any CPU.Build.0 = Release|Any CPU
		{B08BFDB0-3321-49CB-8761-11BB8E27DEA3}.Debug|Any CPU.ActiveCfg = Debug|Any CPU
		{B08BFDB0-3321-49CB-8761-11BB8E27DEA3}.Debug|Any CPU.Build.0 = Debug|Any CPU
		{B08BFDB0-3321-49CB-8761-11BB8E27DEA3}.Release|Any CPU.ActiveCfg = Release|Any CPU
		{B08BFDB0-3321-49CB-8761-11BB8E27DEA3}.Release|Any CPU.Build.0 = Release|Any CPU
		{1D4797B4-07AA-4291-A6E1-FA418F173493}.Debug|Any CPU.ActiveCfg = Debug|Any CPU
		{1D4797B4-07AA-4291-A6E1-FA418F173493}.Debug|Any CPU.Build.0 = Debug|Any CPU
		{1D4797B4-07AA-4291-A6E1-FA418F173493}.Release|Any CPU.ActiveCfg = Release|Any CPU
		{1D4797B4-07AA-4291-A6E1-FA418F173493}.Release|Any CPU.Build.0 = Release|Any CPU
		{AFBB2AE9-5624-40CF-AB38-161DA55EFF9B}.Debug|Any CPU.ActiveCfg = Debug|Any CPU
		{AFBB2AE9-5624-40CF-AB38-161DA55EFF9B}.Debug|Any CPU.Build.0 = Debug|Any CPU
		{AFBB2AE9-5624-40CF-AB38-161DA55EFF9B}.Release|Any CPU.ActiveCfg = Release|Any CPU
		{AFBB2AE9-5624-40CF-AB38-161DA55EFF9B}.Release|Any CPU.Build.0 = Release|Any CPU
	EndGlobalSection
	GlobalSection(NestedProjects) = preSolution
		{12E9EC9F-CA09-4CDE-8966-DF4174768736} = {71A9FE34-BE39-4B8D-986C-C389D13D290F}
		{52132E53-7284-4834-9A05-066F2A58A078} = {71A9FE34-BE39-4B8D-986C-C389D13D290F}
		{20D7D427-32C6-4D04-AF9F-E6DCC266E0AC} = {71A9FE34-BE39-4B8D-986C-C389D13D290F}
		{0D128BE4-DAC2-4E7A-9D79-195485191666} = {319720B4-DAD4-4CD7-9CC2-261C3FC86A74}
		{B08BFDB0-3321-49CB-8761-11BB8E27DEA3} = {3655D8BC-4E46-4686-87F1-EBAB05A50F75}
		{1D4797B4-07AA-4291-A6E1-FA418F173493} = {08A184C4-B547-444D-9261-B56E05D494F8}
		{AFBB2AE9-5624-40CF-AB38-161DA55EFF9B} = {77ADF075-BC1B-405E-A49E-1FB88C1DFF6A}
	EndGlobalSection
	GlobalSection(MonoDevelopProperties) = preSolution
		Policies = $0
		$0.DotNetNamingPolicy = $1
		$1.DirectoryNamespaceAssociation = PrefixedHierarchical
	EndGlobalSection
EndGlobal
